
Microsoft Visual Studio Solution File, Format Version 9.00
# Visual Studio 2005
Project("{FAE04EC0-301F-11D3-BF4B-00C04F79EFBC}") = "Physics_Demo", "Physics_Demo\Physics_Demo.csproj", "{27806513-8FB1-4B98-A60E-E8A65D0961C8}"
EndProject
Project("{FAE04EC0-301F-11D3-BF4B-00C04F79EFBC}") = "Physics Engine", "..\Physics Engine\trunk\vs08\Physics Engine.csproj", "{45DB44EF-A9BD-484A-B408-5A6BF5365A3C}"
EndProject
Global
	GlobalSection(SolutionConfigurationPlatforms) = preSolution
		Debug|Any CPU = Debug|Any CPU
		Debug|Mixed Platforms = Debug|Mixed Platforms
		Debug|x86 = Debug|x86
		Release|Any CPU = Release|Any CPU
		Release|Mixed Platforms = Release|Mixed Platforms
		Release|x86 = Release|x86
	EndGlobalSection
	GlobalSection(ProjectConfigurationPlatforms) = postSolution
		{27806513-8FB1-4B98-A60E-E8A65D0961C8}.Debug|Any CPU.ActiveCfg = Debug|x86
		{27806513-8FB1-4B98-A60E-E8A65D0961C8}.Debug|Mixed Platforms.ActiveCfg = Debug|x86
		{27806513-8FB1-4B98-A60E-E8A65D0961C8}.Debug|Mixed Platforms.Build.0 = Debug|x86
		{27806513-8FB1-4B98-A60E-E8A65D0961C8}.Debug|x86.ActiveCfg = Debug|x86
		{27806513-8FB1-4B98-A60E-E8A65D0961C8}.Debug|x86.Build.0 = Debug|x86
		{27806513-8FB1-4B98-A60E-E8A65D0961C8}.Release|Any CPU.ActiveCfg = Release|x86
		{27806513-8FB1-4B98-A60E-E8A65D0961C8}.Release|Mixed Platforms.ActiveCfg = Release|x86
		{27806513-8FB1-4B98-A60E-E8A65D0961C8}.Release|Mixed Platforms.Build.0 = Release|x86
		{27806513-8FB1-4B98-A60E-E8A65D0961C8}.Release|x86.ActiveCfg = Release|x86
		{27806513-8FB1-4B98-A60E-E8A65D0961C8}.Release|x86.Build.0 = Release|x86
		{C040CC2E-8B67-4EB8-9B99-02D9E82AC254}.Debug|Any CPU.ActiveCfg = Debug|x86
		{C040CC2E-8B67-4EB8-9B99-02D9E82AC254}.Debug|Mixed Platforms.ActiveCfg = Debug|x86
		{C040CC2E-8B67-4EB8-9B99-02D9E82AC254}.Debug|x86.ActiveCfg = Debug|x86
		{C040CC2E-8B67-4EB8-9B99-02D9E82AC254}.Release|Any CPU.ActiveCfg = Release|x86
		{C040CC2E-8B67-4EB8-9B99-02D9E82AC254}.Release|Mixed Platforms.ActiveCfg = Release|x86
		{C040CC2E-8B67-4EB8-9B99-02D9E82AC254}.Release|x86.ActiveCfg = Release|x86
		{45DB44EF-A9BD-484A-B408-5A6BF5365A3C}.Debug|Any CPU.ActiveCfg = Debug|Any CPU
		{45DB44EF-A9BD-484A-B408-5A6BF5365A3C}.Debug|Any CPU.Build.0 = Debug|Any CPU
		{45DB44EF-A9BD-484A-B408-5A6BF5365A3C}.Debug|Mixed Platforms.ActiveCfg = Debug|Any CPU
		{45DB44EF-A9BD-484A-B408-5A6BF5365A3C}.Debug|Mixed Platforms.Build.0 = Debug|Any CPU
		{45DB44EF-A9BD-484A-B408-5A6BF5365A3C}.Debug|x86.ActiveCfg = Debug|Any CPU
		{45DB44EF-A9BD-484A-B408-5A6BF5365A3C}.Release|Any CPU.ActiveCfg = Release|Any CPU
		{45DB44EF-A9BD-484A-B408-5A6BF5365A3C}.Release|Any CPU.Build.0 = Release|Any CPU
		{45DB44EF-A9BD-484A-B408-5A6BF5365A3C}.Release|Mixed Platforms.ActiveCfg = Release|Any CPU
		{45DB44EF-A9BD-484A-B408-5A6BF5365A3C}.Release|Mixed Platforms.Build.0 = Release|Any CPU
		{45DB44EF-A9BD-484A-B408-5A6BF5365A3C}.Release|x86.ActiveCfg = Release|Any CPU
	EndGlobalSection
	GlobalSection(SolutionProperties) = preSolution
		HideSolutionNode = FALSE
	EndGlobalSection
EndGlobal
